// !$*UTF8*$!
{
	archiveVersion = 1;
	classes = {
	};
	objectVersion = 48;
	objects = {

/* Begin PBXBuildFile section */
		1F02DE3522F8507500E40C3A /* MoviesListViewControllerTests.swift in Sources */ = {isa = PBXBuildFile; fileRef = 1F02DE3422F8507500E40C3A /* MoviesListViewControllerTests.swift */; };
		1F05A6CC2220A2CB001E2801 /* SearchMoviesUseCase.swift in Sources */ = {isa = PBXBuildFile; fileRef = 1F05A6CB2220A2CB001E2801 /* SearchMoviesUseCase.swift */; };
		1F16031D2426919300C173C6 /* AppNavigation.swift in Sources */ = {isa = PBXBuildFile; fileRef = 1F16031C2426919300C173C6 /* AppNavigation.swift */; };
		1F1CD656222368CA00B0143C /* ApiConfigurator.swift in Sources */ = {isa = PBXBuildFile; fileRef = 1F1CD655222368CA00B0143C /* ApiConfigurator.swift */; };
		1F1FC48922E3693100BCBA8D /* NetworkService.swift in Sources */ = {isa = PBXBuildFile; fileRef = 1F1FC48522E3693100BCBA8D /* NetworkService.swift */; };
		1F1FC48B22E3693100BCBA8D /* Endpoint.swift in Sources */ = {isa = PBXBuildFile; fileRef = 1F1FC48722E3693100BCBA8D /* Endpoint.swift */; };
		1F1FC48C22E3693100BCBA8D /* ApiConfig.swift in Sources */ = {isa = PBXBuildFile; fileRef = 1F1FC48822E3693100BCBA8D /* ApiConfig.swift */; };
		1F2AB951242789B80010DEEE /* Movies.swift in Sources */ = {isa = PBXBuildFile; fileRef = 1F2AB950242789B80010DEEE /* Movies.swift */; };
		1F2AB95324278CC20010DEEE /* MoviesRequest.swift in Sources */ = {isa = PBXBuildFile; fileRef = 1F2AB95224278CC20010DEEE /* MoviesRequest.swift */; };
		1FA20490242F528E000C4B56 /* LoadingView.swift in Sources */ = {isa = PBXBuildFile; fileRef = 1FA2048F242F528E000C4B56 /* LoadingView.swift */; };
		1FA5338D201E1FDE00747E55 /* AppDelegate.swift in Sources */ = {isa = PBXBuildFile; fileRef = 1FA5338C201E1FDE00747E55 /* AppDelegate.swift */; };
		1FA53394201E1FDE00747E55 /* Assets.xcassets in Resources */ = {isa = PBXBuildFile; fileRef = 1FA53393201E1FDE00747E55 /* Assets.xcassets */; };
		1FA53397201E1FDE00747E55 /* LaunchScreen.storyboard in Resources */ = {isa = PBXBuildFile; fileRef = 1FA53395201E1FDE00747E55 /* LaunchScreen.storyboard */; };
		1FA533E2201EF5F700747E55 /* MovieEndpoints.swift in Sources */ = {isa = PBXBuildFile; fileRef = 1FA533E1201EF5F700747E55 /* MovieEndpoints.swift */; };
		1FE49D8C230AA7C200D1D42E /* MoviesListViewController.swift in Sources */ = {isa = PBXBuildFile; fileRef = 1FE49D75230AA7C200D1D42E /* MoviesListViewController.swift */; };
		1FE49D92230AA7C200D1D42E /* MoviesListViewModel.swift in Sources */ = {isa = PBXBuildFile; fileRef = 1FE49D83230AA7C200D1D42E /* MoviesListViewModel.swift */; };
		1FEE31622218B17E00C160B9 /* Observable.swift in Sources */ = {isa = PBXBuildFile; fileRef = 1FEE31612218B17E00C160B9 /* Observable.swift */; };
		1FEED0F02023576A000F4EAA /* Alert.swift in Sources */ = {isa = PBXBuildFile; fileRef = 1FEED0EF2023576A000F4EAA /* Alert.swift */; };
		1FF082B3239438DC00876A22 /* Localizable.strings in Resources */ = {isa = PBXBuildFile; fileRef = 1FF082B5239438DC00876A22 /* Localizable.strings */; };
		1FF082B923944E7800876A22 /* Localizable.strings in Resources */ = {isa = PBXBuildFile; fileRef = 1FF082B5239438DC00876A22 /* Localizable.strings */; };
		1FFFC835221B0041007D99D2 /* MoviesRepository.swift in Sources */ = {isa = PBXBuildFile; fileRef = 1FFFC82F221B0041007D99D2 /* MoviesRepository.swift */; };
		6C2EA106289E599D00EA9BDC /* MovieDetailViewController.swift in Sources */ = {isa = PBXBuildFile; fileRef = 6C2EA105289E599D00EA9BDC /* MovieDetailViewController.swift */; };
		6C2EA108289E59D000EA9BDC /* MovieDetailViewItem.swift in Sources */ = {isa = PBXBuildFile; fileRef = 6C2EA107289E59D000EA9BDC /* MovieDetailViewItem.swift */; };
		6C2EA10A289E5ADD00EA9BDC /* MovieDetailViewModel.swift in Sources */ = {isa = PBXBuildFile; fileRef = 6C2EA109289E5ADD00EA9BDC /* MovieDetailViewModel.swift */; };
		6C2EA10E289E61D000EA9BDC /* Button.swift in Sources */ = {isa = PBXBuildFile; fileRef = 6C2EA10D289E61D000EA9BDC /* Button.swift */; };
		6C2EA14828A0138F00EA9BDC /* MoviesListViewModelTests.swift in Sources */ = {isa = PBXBuildFile; fileRef = 1FA53A3822F45CD5009A104C /* MoviesListViewModelTests.swift */; };
		6C2EA14928A0139300EA9BDC /* UseCaseDependenciesTests.swift in Sources */ = {isa = PBXBuildFile; fileRef = 6C2EA11528A00BE400EA9BDC /* UseCaseDependenciesTests.swift */; };
		6C2EA14A28A0139600EA9BDC /* DIManagerTests.swift in Sources */ = {isa = PBXBuildFile; fileRef = 6C2EA11228A00B9600EA9BDC /* DIManagerTests.swift */; };
		6C2EA14B28A0139800EA9BDC /* MockedSearchMoviesUseCase.swift in Sources */ = {isa = PBXBuildFile; fileRef = 6C2EA10F28A007EA00EA9BDC /* MockedSearchMoviesUseCase.swift */; };
		6C2EA14F28A13E5300EA9BDC /* ViewModelDependenciesTests.swift in Sources */ = {isa = PBXBuildFile; fileRef = 6C2EA14E28A13E5200EA9BDC /* ViewModelDependenciesTests.swift */; };
		6C2EA15128A13EB000EA9BDC /* MockedMovieListActions.swift in Sources */ = {isa = PBXBuildFile; fileRef = 6C2EA15028A13EB000EA9BDC /* MockedMovieListActions.swift */; };
		6C2EA15328A1407F00EA9BDC /* CoreDependenciesTests.swift in Sources */ = {isa = PBXBuildFile; fileRef = 6C2EA15228A1407F00EA9BDC /* CoreDependenciesTests.swift */; };
		6C2EA15528A140AA00EA9BDC /* MockedAppNavigation.swift in Sources */ = {isa = PBXBuildFile; fileRef = 6C2EA15428A140AA00EA9BDC /* MockedAppNavigation.swift */; };
		6C2EA15928A27CB600EA9BDC /* TextField.swift in Sources */ = {isa = PBXBuildFile; fileRef = 6C2EA15828A27CB600EA9BDC /* TextField.swift */; };
		6CBD106128985D0F0056E7FF /* DateFormatter.swift in Sources */ = {isa = PBXBuildFile; fileRef = 6CBD106028985D0F0056E7FF /* DateFormatter.swift */; };
		6CBD106328985FB50056E7FF /* AppLocale.swift in Sources */ = {isa = PBXBuildFile; fileRef = 6CBD106228985FB50056E7FF /* AppLocale.swift */; };
		6CFC0920288F8955000DBDDA /* DIBinding.swift in Sources */ = {isa = PBXBuildFile; fileRef = 6CFC091C288F8954000DBDDA /* DIBinding.swift */; };
		6CFC0922288F8955000DBDDA /* DIContainer.swift in Sources */ = {isa = PBXBuildFile; fileRef = 6CFC091E288F8955000DBDDA /* DIContainer.swift */; };
		6CFC0926288FA9E2000DBDDA /* DIManager.swift in Sources */ = {isa = PBXBuildFile; fileRef = 6CFC0925288FA9E2000DBDDA /* DIManager.swift */; };
		6CFC0929288FB806000DBDDA /* DIPropertyWrapper.swift in Sources */ = {isa = PBXBuildFile; fileRef = 6CFC0928288FB806000DBDDA /* DIPropertyWrapper.swift */; };
		6CFC092B288FC218000DBDDA /* UseCaseDependencies.swift in Sources */ = {isa = PBXBuildFile; fileRef = 6CFC092A288FC218000DBDDA /* UseCaseDependencies.swift */; };
		6CFC0930288FF622000DBDDA /* MoviesListViewModelActions.swift in Sources */ = {isa = PBXBuildFile; fileRef = 6CFC092F288FF622000DBDDA /* MoviesListViewModelActions.swift */; };
		6CFC09352890066A000DBDDA /* NetworkSessionManager.swift in Sources */ = {isa = PBXBuildFile; fileRef = 6CFC09342890066A000DBDDA /* NetworkSessionManager.swift */; };
		6CFC09382891282C000DBDDA /* JSONResponseDecoder.swift in Sources */ = {isa = PBXBuildFile; fileRef = 6CFC09372891282C000DBDDA /* JSONResponseDecoder.swift */; };
		6CFC093A28912844000DBDDA /* ResponseDecoder.swift in Sources */ = {isa = PBXBuildFile; fileRef = 6CFC093928912844000DBDDA /* ResponseDecoder.swift */; };
		6CFC093C28912885000DBDDA /* RawDataResponseDecoder.swift in Sources */ = {isa = PBXBuildFile; fileRef = 6CFC093B28912885000DBDDA /* RawDataResponseDecoder.swift */; };
		6CFC093E28913FCC000DBDDA /* Movie.swift in Sources */ = {isa = PBXBuildFile; fileRef = 6CFC093D28913FCC000DBDDA /* Movie.swift */; };
		6CFC094228916DE9000DBDDA /* NetworkErrorLogger.swift in Sources */ = {isa = PBXBuildFile; fileRef = 6CFC094128916DE9000DBDDA /* NetworkErrorLogger.swift */; };
		6CFC094428916F1F000DBDDA /* NetworkError.swift in Sources */ = {isa = PBXBuildFile; fileRef = 6CFC094328916F1F000DBDDA /* NetworkError.swift */; };
		6CFC09472891AD79000DBDDA /* DictionaryExt.swift in Sources */ = {isa = PBXBuildFile; fileRef = 6CFC09462891AD79000DBDDA /* DictionaryExt.swift */; };
		6CFC094D28926B60000DBDDA /* TVPresenter.swift in Sources */ = {isa = PBXBuildFile; fileRef = 6CFC094C28926B60000DBDDA /* TVPresenter.swift */; };
		6CFC094F2892CB70000DBDDA /* TVItem.swift in Sources */ = {isa = PBXBuildFile; fileRef = 6CFC094E2892CB70000DBDDA /* TVItem.swift */; };
		6CFC09512892F06B000DBDDA /* TableViewController.swift in Sources */ = {isa = PBXBuildFile; fileRef = 6CFC09502892F06B000DBDDA /* TableViewController.swift */; };
		6CFC095328939D99000DBDDA /* TVSection.swift in Sources */ = {isa = PBXBuildFile; fileRef = 6CFC095228939D99000DBDDA /* TVSection.swift */; };
		6CFC09552893B323000DBDDA /* CollectionExt.swift in Sources */ = {isa = PBXBuildFile; fileRef = 6CFC09542893B323000DBDDA /* CollectionExt.swift */; };
		6CFC09582893D38A000DBDDA /* EmptyTVItem.swift in Sources */ = {isa = PBXBuildFile; fileRef = 6CFC09572893D38A000DBDDA /* EmptyTVItem.swift */; };
		6CFC095D28950CCB000DBDDA /* MovieViewItem.swift in Sources */ = {isa = PBXBuildFile; fileRef = 6CFC095C28950CCB000DBDDA /* MovieViewItem.swift */; };
		6CFC0961289533C2000DBDDA /* UITableViewExt.swift in Sources */ = {isa = PBXBuildFile; fileRef = 6CFC0960289533C2000DBDDA /* UITableViewExt.swift */; };
		6CFC096328953E16000DBDDA /* StringExt.swift in Sources */ = {isa = PBXBuildFile; fileRef = 6CFC096228953E16000DBDDA /* StringExt.swift */; };
		6CFC09672895418E000DBDDA /* Margin.swift in Sources */ = {isa = PBXBuildFile; fileRef = 6CFC09662895418E000DBDDA /* Margin.swift */; };
		6CFC096A28966F28000DBDDA /* ImageView.swift in Sources */ = {isa = PBXBuildFile; fileRef = 6CFC096928966F28000DBDDA /* ImageView.swift */; };
		6CFC096F2896742A000DBDDA /* UIViewExt.swift in Sources */ = {isa = PBXBuildFile; fileRef = 6CFC096E2896742A000DBDDA /* UIViewExt.swift */; };
		6CFC09712896A64B000DBDDA /* ViewModelDependencies.swift in Sources */ = {isa = PBXBuildFile; fileRef = 6CFC09702896A64B000DBDDA /* ViewModelDependencies.swift */; };
		6CFC09732896B1F3000DBDDA /* RepositoryDependencies.swift in Sources */ = {isa = PBXBuildFile; fileRef = 6CFC09722896B1F3000DBDDA /* RepositoryDependencies.swift */; };
		6CFC09752896B5BD000DBDDA /* CoreDependencies.swift in Sources */ = {isa = PBXBuildFile; fileRef = 6CFC09742896B5BD000DBDDA /* CoreDependencies.swift */; };
		6CFC09792897BE13000DBDDA /* EncodableExt.swift in Sources */ = {isa = PBXBuildFile; fileRef = 6CFC09782897BE13000DBDDA /* EncodableExt.swift */; };
		FC2B715C2156FF93002BD59E /* AppAppearance.swift in Sources */ = {isa = PBXBuildFile; fileRef = FC2B715B2156FF93002BD59E /* AppAppearance.swift */; };
/* End PBXBuildFile section */

/* Begin PBXContainerItemProxy section */
		1F02DE3722F8507500E40C3A /* PBXContainerItemProxy */ = {
			isa = PBXContainerItemProxy;
			containerPortal = 1FA53381201E1FDE00747E55 /* Project object */;
			proxyType = 1;
			remoteGlobalIDString = 1FA53388201E1FDE00747E55;
			remoteInfo = ExampleMVVM;
		};
		6C2EA14C28A0160C00EA9BDC /* PBXContainerItemProxy */ = {
			isa = PBXContainerItemProxy;
			containerPortal = 1FA53381201E1FDE00747E55 /* Project object */;
			proxyType = 1;
			remoteGlobalIDString = 1FA53388201E1FDE00747E55;
			remoteInfo = ExampleMVVM;
		};
/* End PBXContainerItemProxy section */

/* Begin PBXFileReference section */
		1F02DE3222F8507500E40C3A /* ExampleMVVMUITests.xctest */ = {isa = PBXFileReference; explicitFileType = wrapper.cfbundle; includeInIndex = 0; path = ExampleMVVMUITests.xctest; sourceTree = BUILT_PRODUCTS_DIR; };
		1F02DE3422F8507500E40C3A /* MoviesListViewControllerTests.swift */ = {isa = PBXFileReference; lastKnownFileType = sourcecode.swift; path = MoviesListViewControllerTests.swift; sourceTree = "<group>"; };
		1F02DE3622F8507500E40C3A /* Info.plist */ = {isa = PBXFileReference; lastKnownFileType = text.plist.xml; path = Info.plist; sourceTree = "<group>"; };
		1F05A6CB2220A2CB001E2801 /* SearchMoviesUseCase.swift */ = {isa = PBXFileReference; lastKnownFileType = sourcecode.swift; path = SearchMoviesUseCase.swift; sourceTree = "<group>"; };
		1F16031C2426919300C173C6 /* AppNavigation.swift */ = {isa = PBXFileReference; fileEncoding = 4; lastKnownFileType = sourcecode.swift; path = AppNavigation.swift; sourceTree = "<group>"; };
		1F1CD655222368CA00B0143C /* ApiConfigurator.swift */ = {isa = PBXFileReference; lastKnownFileType = sourcecode.swift; path = ApiConfigurator.swift; sourceTree = "<group>"; };
		1F1FC48522E3693100BCBA8D /* NetworkService.swift */ = {isa = PBXFileReference; fileEncoding = 4; lastKnownFileType = sourcecode.swift; path = NetworkService.swift; sourceTree = "<group>"; };
		1F1FC48722E3693100BCBA8D /* Endpoint.swift */ = {isa = PBXFileReference; fileEncoding = 4; lastKnownFileType = sourcecode.swift; path = Endpoint.swift; sourceTree = "<group>"; };
		1F1FC48822E3693100BCBA8D /* ApiConfig.swift */ = {isa = PBXFileReference; fileEncoding = 4; lastKnownFileType = sourcecode.swift; path = ApiConfig.swift; sourceTree = "<group>"; };
		1F2AB950242789B80010DEEE /* Movies.swift */ = {isa = PBXFileReference; fileEncoding = 4; lastKnownFileType = sourcecode.swift; path = Movies.swift; sourceTree = "<group>"; };
		1F2AB95224278CC20010DEEE /* MoviesRequest.swift */ = {isa = PBXFileReference; lastKnownFileType = sourcecode.swift; path = MoviesRequest.swift; sourceTree = "<group>"; };
		1FA2048F242F528E000C4B56 /* LoadingView.swift */ = {isa = PBXFileReference; lastKnownFileType = sourcecode.swift; path = LoadingView.swift; sourceTree = "<group>"; };
		1FA53389201E1FDE00747E55 /* ExampleMVVM.app */ = {isa = PBXFileReference; explicitFileType = wrapper.application; includeInIndex = 0; path = ExampleMVVM.app; sourceTree = BUILT_PRODUCTS_DIR; };
		1FA5338C201E1FDE00747E55 /* AppDelegate.swift */ = {isa = PBXFileReference; lastKnownFileType = sourcecode.swift; path = AppDelegate.swift; sourceTree = "<group>"; };
		1FA53393201E1FDE00747E55 /* Assets.xcassets */ = {isa = PBXFileReference; lastKnownFileType = folder.assetcatalog; path = Assets.xcassets; sourceTree = "<group>"; };
		1FA53396201E1FDE00747E55 /* Base */ = {isa = PBXFileReference; lastKnownFileType = file.storyboard; name = Base; path = Base.lproj/LaunchScreen.storyboard; sourceTree = "<group>"; };
		1FA53398201E1FDE00747E55 /* Info.plist */ = {isa = PBXFileReference; lastKnownFileType = text.plist.xml; path = Info.plist; sourceTree = "<group>"; };
		1FA5339D201E1FDE00747E55 /* ExampleMVVMTests.xctest */ = {isa = PBXFileReference; explicitFileType = wrapper.cfbundle; includeInIndex = 0; path = ExampleMVVMTests.xctest; sourceTree = BUILT_PRODUCTS_DIR; };
		1FA533E1201EF5F700747E55 /* MovieEndpoints.swift */ = {isa = PBXFileReference; lastKnownFileType = sourcecode.swift; path = MovieEndpoints.swift; sourceTree = "<group>"; };
		1FA53A3822F45CD5009A104C /* MoviesListViewModelTests.swift */ = {isa = PBXFileReference; fileEncoding = 4; lastKnownFileType = sourcecode.swift; path = MoviesListViewModelTests.swift; sourceTree = "<group>"; };
		1FE49D75230AA7C200D1D42E /* MoviesListViewController.swift */ = {isa = PBXFileReference; fileEncoding = 4; lastKnownFileType = sourcecode.swift; path = MoviesListViewController.swift; sourceTree = "<group>"; };
		1FE49D83230AA7C200D1D42E /* MoviesListViewModel.swift */ = {isa = PBXFileReference; fileEncoding = 4; lastKnownFileType = sourcecode.swift; path = MoviesListViewModel.swift; sourceTree = "<group>"; };
		1FEE31612218B17E00C160B9 /* Observable.swift */ = {isa = PBXFileReference; lastKnownFileType = sourcecode.swift; path = Observable.swift; sourceTree = "<group>"; };
		1FEED0EF2023576A000F4EAA /* Alert.swift */ = {isa = PBXFileReference; lastKnownFileType = sourcecode.swift; path = Alert.swift; sourceTree = "<group>"; };
		1FF082B4239438DC00876A22 /* en */ = {isa = PBXFileReference; lastKnownFileType = text.plist.strings; name = en; path = en.lproj/Localizable.strings; sourceTree = "<group>"; };
		1FFFC82F221B0041007D99D2 /* MoviesRepository.swift */ = {isa = PBXFileReference; fileEncoding = 4; lastKnownFileType = sourcecode.swift; path = MoviesRepository.swift; sourceTree = "<group>"; };
		1FFFC83D221B02BA007D99D2 /* Info.plist */ = {isa = PBXFileReference; lastKnownFileType = text.plist.xml; name = Info.plist; path = ExampleMVVMTests/Info.plist; sourceTree = SOURCE_ROOT; };
		6C2EA105289E599D00EA9BDC /* MovieDetailViewController.swift */ = {isa = PBXFileReference; lastKnownFileType = sourcecode.swift; path = MovieDetailViewController.swift; sourceTree = "<group>"; };
		6C2EA107289E59D000EA9BDC /* MovieDetailViewItem.swift */ = {isa = PBXFileReference; lastKnownFileType = sourcecode.swift; path = MovieDetailViewItem.swift; sourceTree = "<group>"; };
		6C2EA109289E5ADD00EA9BDC /* MovieDetailViewModel.swift */ = {isa = PBXFileReference; lastKnownFileType = sourcecode.swift; path = MovieDetailViewModel.swift; sourceTree = "<group>"; };
		6C2EA10D289E61D000EA9BDC /* Button.swift */ = {isa = PBXFileReference; lastKnownFileType = sourcecode.swift; path = Button.swift; sourceTree = "<group>"; };
		6C2EA10F28A007EA00EA9BDC /* MockedSearchMoviesUseCase.swift */ = {isa = PBXFileReference; lastKnownFileType = sourcecode.swift; path = MockedSearchMoviesUseCase.swift; sourceTree = "<group>"; };
		6C2EA11228A00B9600EA9BDC /* DIManagerTests.swift */ = {isa = PBXFileReference; lastKnownFileType = sourcecode.swift; path = DIManagerTests.swift; sourceTree = "<group>"; };
		6C2EA11528A00BE400EA9BDC /* UseCaseDependenciesTests.swift */ = {isa = PBXFileReference; lastKnownFileType = sourcecode.swift; path = UseCaseDependenciesTests.swift; sourceTree = "<group>"; };
		6C2EA14E28A13E5200EA9BDC /* ViewModelDependenciesTests.swift */ = {isa = PBXFileReference; lastKnownFileType = sourcecode.swift; path = ViewModelDependenciesTests.swift; sourceTree = "<group>"; };
		6C2EA15028A13EB000EA9BDC /* MockedMovieListActions.swift */ = {isa = PBXFileReference; lastKnownFileType = sourcecode.swift; path = MockedMovieListActions.swift; sourceTree = "<group>"; };
		6C2EA15228A1407F00EA9BDC /* CoreDependenciesTests.swift */ = {isa = PBXFileReference; lastKnownFileType = sourcecode.swift; path = CoreDependenciesTests.swift; sourceTree = "<group>"; };
		6C2EA15428A140AA00EA9BDC /* MockedAppNavigation.swift */ = {isa = PBXFileReference; lastKnownFileType = sourcecode.swift; path = MockedAppNavigation.swift; sourceTree = "<group>"; };
		6C2EA15828A27CB600EA9BDC /* TextField.swift */ = {isa = PBXFileReference; lastKnownFileType = sourcecode.swift; path = TextField.swift; sourceTree = "<group>"; };
		6CBD106028985D0F0056E7FF /* DateFormatter.swift */ = {isa = PBXFileReference; lastKnownFileType = sourcecode.swift; path = DateFormatter.swift; sourceTree = "<group>"; };
		6CBD106228985FB50056E7FF /* AppLocale.swift */ = {isa = PBXFileReference; lastKnownFileType = sourcecode.swift; path = AppLocale.swift; sourceTree = "<group>"; };
		6CFC091C288F8954000DBDDA /* DIBinding.swift */ = {isa = PBXFileReference; fileEncoding = 4; lastKnownFileType = sourcecode.swift; path = DIBinding.swift; sourceTree = "<group>"; };
		6CFC091E288F8955000DBDDA /* DIContainer.swift */ = {isa = PBXFileReference; fileEncoding = 4; lastKnownFileType = sourcecode.swift; path = DIContainer.swift; sourceTree = "<group>"; };
		6CFC0925288FA9E2000DBDDA /* DIManager.swift */ = {isa = PBXFileReference; lastKnownFileType = sourcecode.swift; path = DIManager.swift; sourceTree = "<group>"; };
		6CFC0928288FB806000DBDDA /* DIPropertyWrapper.swift */ = {isa = PBXFileReference; lastKnownFileType = sourcecode.swift; path = DIPropertyWrapper.swift; sourceTree = "<group>"; };
		6CFC092A288FC218000DBDDA /* UseCaseDependencies.swift */ = {isa = PBXFileReference; lastKnownFileType = sourcecode.swift; path = UseCaseDependencies.swift; sourceTree = "<group>"; };
		6CFC092C288FF24D000DBDDA /* ja */ = {isa = PBXFileReference; lastKnownFileType = text.plist.strings; name = ja; path = ja.lproj/Localizable.strings; sourceTree = "<group>"; };
		6CFC092F288FF622000DBDDA /* MoviesListViewModelActions.swift */ = {isa = PBXFileReference; lastKnownFileType = sourcecode.swift; path = MoviesListViewModelActions.swift; sourceTree = "<group>"; };
		6CFC09342890066A000DBDDA /* NetworkSessionManager.swift */ = {isa = PBXFileReference; lastKnownFileType = sourcecode.swift; path = NetworkSessionManager.swift; sourceTree = "<group>"; };
		6CFC09372891282C000DBDDA /* JSONResponseDecoder.swift */ = {isa = PBXFileReference; lastKnownFileType = sourcecode.swift; path = JSONResponseDecoder.swift; sourceTree = "<group>"; };
		6CFC093928912844000DBDDA /* ResponseDecoder.swift */ = {isa = PBXFileReference; lastKnownFileType = sourcecode.swift; path = ResponseDecoder.swift; sourceTree = "<group>"; };
		6CFC093B28912885000DBDDA /* RawDataResponseDecoder.swift */ = {isa = PBXFileReference; lastKnownFileType = sourcecode.swift; path = RawDataResponseDecoder.swift; sourceTree = "<group>"; };
		6CFC093D28913FCC000DBDDA /* Movie.swift */ = {isa = PBXFileReference; lastKnownFileType = sourcecode.swift; path = Movie.swift; sourceTree = "<group>"; };
		6CFC094128916DE9000DBDDA /* NetworkErrorLogger.swift */ = {isa = PBXFileReference; lastKnownFileType = sourcecode.swift; path = NetworkErrorLogger.swift; sourceTree = "<group>"; };
		6CFC094328916F1F000DBDDA /* NetworkError.swift */ = {isa = PBXFileReference; lastKnownFileType = sourcecode.swift; path = NetworkError.swift; sourceTree = "<group>"; };
		6CFC09462891AD79000DBDDA /* DictionaryExt.swift */ = {isa = PBXFileReference; lastKnownFileType = sourcecode.swift; path = DictionaryExt.swift; sourceTree = "<group>"; };
		6CFC094C28926B60000DBDDA /* TVPresenter.swift */ = {isa = PBXFileReference; lastKnownFileType = sourcecode.swift; path = TVPresenter.swift; sourceTree = "<group>"; };
		6CFC094E2892CB70000DBDDA /* TVItem.swift */ = {isa = PBXFileReference; lastKnownFileType = sourcecode.swift; path = TVItem.swift; sourceTree = "<group>"; };
		6CFC09502892F06B000DBDDA /* TableViewController.swift */ = {isa = PBXFileReference; lastKnownFileType = sourcecode.swift; path = TableViewController.swift; sourceTree = "<group>"; };
		6CFC095228939D99000DBDDA /* TVSection.swift */ = {isa = PBXFileReference; lastKnownFileType = sourcecode.swift; path = TVSection.swift; sourceTree = "<group>"; };
		6CFC09542893B323000DBDDA /* CollectionExt.swift */ = {isa = PBXFileReference; lastKnownFileType = sourcecode.swift; path = CollectionExt.swift; sourceTree = "<group>"; };
		6CFC09572893D38A000DBDDA /* EmptyTVItem.swift */ = {isa = PBXFileReference; lastKnownFileType = sourcecode.swift; path = EmptyTVItem.swift; sourceTree = "<group>"; };
		6CFC095C28950CCB000DBDDA /* MovieViewItem.swift */ = {isa = PBXFileReference; lastKnownFileType = sourcecode.swift; path = MovieViewItem.swift; sourceTree = "<group>"; };
		6CFC0960289533C2000DBDDA /* UITableViewExt.swift */ = {isa = PBXFileReference; lastKnownFileType = sourcecode.swift; path = UITableViewExt.swift; sourceTree = "<group>"; };
		6CFC096228953E16000DBDDA /* StringExt.swift */ = {isa = PBXFileReference; lastKnownFileType = sourcecode.swift; path = StringExt.swift; sourceTree = "<group>"; };
		6CFC09662895418E000DBDDA /* Margin.swift */ = {isa = PBXFileReference; lastKnownFileType = sourcecode.swift; path = Margin.swift; sourceTree = "<group>"; };
		6CFC096928966F28000DBDDA /* ImageView.swift */ = {isa = PBXFileReference; lastKnownFileType = sourcecode.swift; path = ImageView.swift; sourceTree = "<group>"; };
		6CFC096E2896742A000DBDDA /* UIViewExt.swift */ = {isa = PBXFileReference; lastKnownFileType = sourcecode.swift; path = UIViewExt.swift; sourceTree = "<group>"; };
		6CFC09702896A64B000DBDDA /* ViewModelDependencies.swift */ = {isa = PBXFileReference; lastKnownFileType = sourcecode.swift; path = ViewModelDependencies.swift; sourceTree = "<group>"; };
		6CFC09722896B1F3000DBDDA /* RepositoryDependencies.swift */ = {isa = PBXFileReference; lastKnownFileType = sourcecode.swift; path = RepositoryDependencies.swift; sourceTree = "<group>"; };
		6CFC09742896B5BD000DBDDA /* CoreDependencies.swift */ = {isa = PBXFileReference; lastKnownFileType = sourcecode.swift; path = CoreDependencies.swift; sourceTree = "<group>"; };
		6CFC09782897BE13000DBDDA /* EncodableExt.swift */ = {isa = PBXFileReference; lastKnownFileType = sourcecode.swift; path = EncodableExt.swift; sourceTree = "<group>"; };
		FC2B715B2156FF93002BD59E /* AppAppearance.swift */ = {isa = PBXFileReference; lastKnownFileType = sourcecode.swift; path = AppAppearance.swift; sourceTree = "<group>"; };
/* End PBXFileReference section */

/* Begin PBXFrameworksBuildPhase section */
		1F02DE2F22F8507500E40C3A /* Frameworks */ = {
			isa = PBXFrameworksBuildPhase;
			buildActionMask = 2147483647;
			files = (
			);
			runOnlyForDeploymentPostprocessing = 0;
		};
		1FA53386201E1FDE00747E55 /* Frameworks */ = {
			isa = PBXFrameworksBuildPhase;
			buildActionMask = 2147483647;
			files = (
			);
			runOnlyForDeploymentPostprocessing = 0;
		};
		1FA5339A201E1FDE00747E55 /* Frameworks */ = {
			isa = PBXFrameworksBuildPhase;
			buildActionMask = 2147483647;
			files = (
			);
			runOnlyForDeploymentPostprocessing = 0;
		};
/* End PBXFrameworksBuildPhase section */

/* Begin PBXGroup section */
		1F02DE3322F8507500E40C3A /* ExampleMVVMUITests */ = {
			isa = PBXGroup;
			children = (
				1F02DE3D22F876B500E40C3A /* Presentation */,
				1F02DE3622F8507500E40C3A /* Info.plist */,
			);
			path = ExampleMVVMUITests;
			sourceTree = "<group>";
		};
		1F02DE3D22F876B500E40C3A /* Presentation */ = {
			isa = PBXGroup;
			children = (
				1F02DE3E22F876C100E40C3A /* MoviesScene */,
			);
			path = Presentation;
			sourceTree = "<group>";
		};
		1F02DE3E22F876C100E40C3A /* MoviesScene */ = {
			isa = PBXGroup;
			children = (
				1F02DE3422F8507500E40C3A /* MoviesListViewControllerTests.swift */,
			);
			path = MoviesScene;
			sourceTree = "<group>";
		};
		1F1FC48422E3693100BCBA8D /* Network */ = {
			isa = PBXGroup;
			children = (
				6CFC0936289127DB000DBDDA /* Decoder */,
				1F1FC48522E3693100BCBA8D /* NetworkService.swift */,
				1F1FC48722E3693100BCBA8D /* Endpoint.swift */,
				1F1FC48822E3693100BCBA8D /* ApiConfig.swift */,
				6CFC09342890066A000DBDDA /* NetworkSessionManager.swift */,
				6CFC094128916DE9000DBDDA /* NetworkErrorLogger.swift */,
				6CFC094328916F1F000DBDDA /* NetworkError.swift */,
			);
			path = Network;
			sourceTree = "<group>";
		};
		1F5B9E20221D61290051B5F2 /* Data */ = {
			isa = PBXGroup;
			children = (
				1FA533D2201EF21000747E55 /* Entities */,
				1FFFC824221B0041007D99D2 /* Repositories */,
				1FA533E0201EF58F00747E55 /* Network */,
			);
			path = Data;
			sourceTree = "<group>";
		};
		1F7C1D1A242117D30014F011 /* Mocks */ = {
			isa = PBXGroup;
			children = (
				6C2EA10F28A007EA00EA9BDC /* MockedSearchMoviesUseCase.swift */,
				6C2EA15028A13EB000EA9BDC /* MockedMovieListActions.swift */,
				6C2EA15428A140AA00EA9BDC /* MockedAppNavigation.swift */,
			);
			path = Mocks;
			sourceTree = "<group>";
		};
		1F9034CB2307138400DEA4BD /* Infrastructure */ = {
			isa = PBXGroup;
			children = (
				6C2EA11128A00B4500EA9BDC /* DependencyInjection */,
			);
			name = Infrastructure;
			path = ExampleMVVMTests/Infrastructure;
			sourceTree = SOURCE_ROOT;
		};
		1FA53380201E1FDE00747E55 = {
			isa = PBXGroup;
			children = (
				1FA5338B201E1FDE00747E55 /* ExampleMVVM */,
				1FA533A0201E1FDE00747E55 /* ExampleMVVMTests */,
				1F02DE3322F8507500E40C3A /* ExampleMVVMUITests */,
				1FA5338A201E1FDE00747E55 /* Products */,
			);
			sourceTree = "<group>";
		};
		1FA5338A201E1FDE00747E55 /* Products */ = {
			isa = PBXGroup;
			children = (
				1FA53389201E1FDE00747E55 /* ExampleMVVM.app */,
				1FA5339D201E1FDE00747E55 /* ExampleMVVMTests.xctest */,
				1F02DE3222F8507500E40C3A /* ExampleMVVMUITests.xctest */,
			);
			name = Products;
			sourceTree = "<group>";
		};
		1FA5338B201E1FDE00747E55 /* ExampleMVVM */ = {
			isa = PBXGroup;
			children = (
				1FA533D5201EF29600747E55 /* Application */,
				1FE49D63230AA7C200D1D42E /* Presentation */,
				1FA533D1201EF1EC00747E55 /* Domain */,
				1F5B9E20221D61290051B5F2 /* Data */,
				1FEED0D320231D93000F4EAA /* Infrastructure */,
				1FA533AD201E205000747E55 /* Resources */,
			);
			path = ExampleMVVM;
			sourceTree = "<group>";
		};
		1FA533A0201E1FDE00747E55 /* ExampleMVVMTests */ = {
			isa = PBXGroup;
			children = (
				1FA53A3622F45C4F009A104C /* Domain */,
				1F9034CB2307138400DEA4BD /* Infrastructure */,
				1F7C1D1A242117D30014F011 /* Mocks */,
				1FFFC83D221B02BA007D99D2 /* Info.plist */,
			);
			name = ExampleMVVMTests;
			path = ExampleMVVM;
			sourceTree = "<group>";
		};
		1FA533AD201E205000747E55 /* Resources */ = {
			isa = PBXGroup;
			children = (
				1FF082B5239438DC00876A22 /* Localizable.strings */,
				1FA53393201E1FDE00747E55 /* Assets.xcassets */,
				1FA53398201E1FDE00747E55 /* Info.plist */,
				1FA53395201E1FDE00747E55 /* LaunchScreen.storyboard */,
			);
			path = Resources;
			sourceTree = "<group>";
		};
		1FA533D1201EF1EC00747E55 /* Domain */ = {
			isa = PBXGroup;
			children = (
				1FA533D8201EF2F100747E55 /* UseCases */,
			);
			path = Domain;
			sourceTree = "<group>";
		};
		1FA533D2201EF21000747E55 /* Entities */ = {
			isa = PBXGroup;
			children = (
				6CFC093D28913FCC000DBDDA /* Movie.swift */,
				1F2AB950242789B80010DEEE /* Movies.swift */,
				1F2AB95224278CC20010DEEE /* MoviesRequest.swift */,
			);
			path = Entities;
			sourceTree = "<group>";
		};
		1FA533D5201EF29600747E55 /* Application */ = {
			isa = PBXGroup;
			children = (
				FC2B715B2156FF93002BD59E /* AppAppearance.swift */,
				1F1CD655222368CA00B0143C /* ApiConfigurator.swift */,
				1FA5338C201E1FDE00747E55 /* AppDelegate.swift */,
				1F16031C2426919300C173C6 /* AppNavigation.swift */,
			);
			path = Application;
			sourceTree = "<group>";
		};
		1FA533D8201EF2F100747E55 /* UseCases */ = {
			isa = PBXGroup;
			children = (
				1F05A6CB2220A2CB001E2801 /* SearchMoviesUseCase.swift */,
			);
			path = UseCases;
			sourceTree = "<group>";
		};
		1FA533E0201EF58F00747E55 /* Network */ = {
			isa = PBXGroup;
			children = (
				6CFC094A2891BC7A000DBDDA /* Endpoint */,
			);
			path = Network;
			sourceTree = "<group>";
		};
		1FA53A3622F45C4F009A104C /* Domain */ = {
			isa = PBXGroup;
			children = (
				1FA53A3722F45C4F009A104C /* UseCases */,
			);
			name = Domain;
			path = ExampleMVVMTests/Domain;
			sourceTree = SOURCE_ROOT;
		};
		1FA53A3722F45C4F009A104C /* UseCases */ = {
			isa = PBXGroup;
			children = (
				1FA53A3822F45CD5009A104C /* MoviesListViewModelTests.swift */,
			);
			path = UseCases;
			sourceTree = "<group>";
		};
		1FE49D63230AA7C200D1D42E /* Presentation */ = {
			isa = PBXGroup;
			children = (
				1FE49D7C230AA7C200D1D42E /* MoviesScene */,
			);
			path = Presentation;
			sourceTree = "<group>";
		};
		1FE49D7C230AA7C200D1D42E /* MoviesScene */ = {
			isa = PBXGroup;
			children = (
				6C2EA101289E596500EA9BDC /* MovieDetai */,
				1FE49D81230AA7C200D1D42E /* MoviesList */,
			);
			path = MoviesScene;
			sourceTree = "<group>";
		};
		1FE49D81230AA7C200D1D42E /* MoviesList */ = {
			isa = PBXGroup;
			children = (
				6CFC095B28950CBE000DBDDA /* View */,
				1FE49D98230AEB2C00D1D42E /* ViewModel */,
				1FE49D99230AEB4000D1D42E /* ViewController */,
			);
			path = MoviesList;
			sourceTree = "<group>";
		};
		1FE49D98230AEB2C00D1D42E /* ViewModel */ = {
			isa = PBXGroup;
			children = (
				1FE49D83230AA7C200D1D42E /* MoviesListViewModel.swift */,
				6CFC092F288FF622000DBDDA /* MoviesListViewModelActions.swift */,
			);
			path = ViewModel;
			sourceTree = "<group>";
		};
		1FE49D99230AEB4000D1D42E /* ViewController */ = {
			isa = PBXGroup;
			children = (
				1FE49D75230AA7C200D1D42E /* MoviesListViewController.swift */,
			);
			path = ViewController;
			sourceTree = "<group>";
		};
		1FEED0D320231D93000F4EAA /* Infrastructure */ = {
			isa = PBXGroup;
			children = (
				6CFC0933288FF769000DBDDA /* AppLocale */,
				6CFC091A288F8922000DBDDA /* DependencyInjection */,
				6CFC09452891AD66000DBDDA /* Extension */,
				6CBD105F28985D040056E7FF /* Formatter */,
				1F1FC48422E3693100BCBA8D /* Network */,
				6CFC094B28926B52000DBDDA /* View */,
			);
			path = Infrastructure;
			sourceTree = "<group>";
		};
		1FFFC824221B0041007D99D2 /* Repositories */ = {
			isa = PBXGroup;
			children = (
				1FFFC82F221B0041007D99D2 /* MoviesRepository.swift */,
			);
			path = Repositories;
			sourceTree = "<group>";
		};
		6C2EA101289E596500EA9BDC /* MovieDetai */ = {
			isa = PBXGroup;
			children = (
				6C2EA104289E599300EA9BDC /* View */,
				6C2EA103289E598C00EA9BDC /* ViewModel */,
				6C2EA102289E597B00EA9BDC /* ViewController */,
			);
			path = MovieDetai;
			sourceTree = "<group>";
		};
		6C2EA102289E597B00EA9BDC /* ViewController */ = {
			isa = PBXGroup;
			children = (
				6C2EA105289E599D00EA9BDC /* MovieDetailViewController.swift */,
			);
			path = ViewController;
			sourceTree = "<group>";
		};
		6C2EA103289E598C00EA9BDC /* ViewModel */ = {
			isa = PBXGroup;
			children = (
				6C2EA109289E5ADD00EA9BDC /* MovieDetailViewModel.swift */,
			);
			path = ViewModel;
			sourceTree = "<group>";
		};
		6C2EA104289E599300EA9BDC /* View */ = {
			isa = PBXGroup;
			children = (
				6C2EA107289E59D000EA9BDC /* MovieDetailViewItem.swift */,
			);
			path = View;
			sourceTree = "<group>";
		};
		6C2EA11128A00B4500EA9BDC /* DependencyInjection */ = {
			isa = PBXGroup;
			children = (
				6C2EA11428A00BA600EA9BDC /* Module */,
				6C2EA11228A00B9600EA9BDC /* DIManagerTests.swift */,
			);
			path = DependencyInjection;
			sourceTree = "<group>";
		};
		6C2EA11428A00BA600EA9BDC /* Module */ = {
			isa = PBXGroup;
			children = (
				6C2EA11528A00BE400EA9BDC /* UseCaseDependenciesTests.swift */,
				6C2EA14E28A13E5200EA9BDC /* ViewModelDependenciesTests.swift */,
				6C2EA15228A1407F00EA9BDC /* CoreDependenciesTests.swift */,
			);
			path = Module;
			sourceTree = "<group>";
		};
		6CBD105F28985D040056E7FF /* Formatter */ = {
			isa = PBXGroup;
			children = (
				6CBD106028985D0F0056E7FF /* DateFormatter.swift */,
			);
			path = Formatter;
			sourceTree = "<group>";
		};
		6CFC091A288F8922000DBDDA /* DependencyInjection */ = {
			isa = PBXGroup;
			children = (
				6CFC091C288F8954000DBDDA /* DIBinding.swift */,
				6CFC091E288F8955000DBDDA /* DIContainer.swift */,
				6CFC0925288FA9E2000DBDDA /* DIManager.swift */,
				6CFC0928288FB806000DBDDA /* DIPropertyWrapper.swift */,
				6CFC0927288FB3F6000DBDDA /* Module */,
			);
			path = DependencyInjection;
			sourceTree = "<group>";
		};
		6CFC0927288FB3F6000DBDDA /* Module */ = {
			isa = PBXGroup;
			children = (
				6CFC09742896B5BD000DBDDA /* CoreDependencies.swift */,
				6CFC09722896B1F3000DBDDA /* RepositoryDependencies.swift */,
				6CFC092A288FC218000DBDDA /* UseCaseDependencies.swift */,
				6CFC09702896A64B000DBDDA /* ViewModelDependencies.swift */,
			);
			path = Module;
			sourceTree = "<group>";
		};
		6CFC0933288FF769000DBDDA /* AppLocale */ = {
			isa = PBXGroup;
			children = (
				6CBD106228985FB50056E7FF /* AppLocale.swift */,
			);
			path = AppLocale;
			sourceTree = "<group>";
		};
		6CFC0936289127DB000DBDDA /* Decoder */ = {
			isa = PBXGroup;
			children = (
				6CFC09372891282C000DBDDA /* JSONResponseDecoder.swift */,
				6CFC093928912844000DBDDA /* ResponseDecoder.swift */,
				6CFC093B28912885000DBDDA /* RawDataResponseDecoder.swift */,
			);
			path = Decoder;
			sourceTree = "<group>";
		};
		6CFC09452891AD66000DBDDA /* Extension */ = {
			isa = PBXGroup;
			children = (
				6CFC09542893B323000DBDDA /* CollectionExt.swift */,
				6CFC09462891AD79000DBDDA /* DictionaryExt.swift */,
				1FEE31612218B17E00C160B9 /* Observable.swift */,
				6CFC096228953E16000DBDDA /* StringExt.swift */,
				6CFC0960289533C2000DBDDA /* UITableViewExt.swift */,
				6CFC096E2896742A000DBDDA /* UIViewExt.swift */,
				6CFC09782897BE13000DBDDA /* EncodableExt.swift */,
			);
			path = Extension;
			sourceTree = "<group>";
		};
		6CFC094A2891BC7A000DBDDA /* Endpoint */ = {
			isa = PBXGroup;
			children = (
				1FA533E1201EF5F700747E55 /* MovieEndpoints.swift */,
			);
			path = Endpoint;
			sourceTree = "<group>";
		};
		6CFC094B28926B52000DBDDA /* View */ = {
			isa = PBXGroup;
			children = (
				6CFC09762897966F000DBDDA /* Indicator */,
				6CFC096828966F1F000DBDDA /* CustomView */,
				6CFC096C28966F68000DBDDA /* State */,
				6CFC096B28966F38000DBDDA /* Table */,
			);
			path = View;
			sourceTree = "<group>";
		};
		6CFC09562893D375000DBDDA /* TVItems */ = {
			isa = PBXGroup;
			children = (
				6CFC09572893D38A000DBDDA /* EmptyTVItem.swift */,
			);
			path = TVItems;
			sourceTree = "<group>";
		};
		6CFC095B28950CBE000DBDDA /* View */ = {
			isa = PBXGroup;
			children = (
				6CFC095C28950CCB000DBDDA /* MovieViewItem.swift */,
			);
			path = View;
			sourceTree = "<group>";
		};
		6CFC096828966F1F000DBDDA /* CustomView */ = {
			isa = PBXGroup;
			children = (
				6CFC096928966F28000DBDDA /* ImageView.swift */,
				6C2EA10D289E61D000EA9BDC /* Button.swift */,
				6C2EA15828A27CB600EA9BDC /* TextField.swift */,
			);
			path = CustomView;
			sourceTree = "<group>";
		};
		6CFC096B28966F38000DBDDA /* Table */ = {
			isa = PBXGroup;
			children = (
				6CFC09502892F06B000DBDDA /* TableViewController.swift */,
				6CFC094E2892CB70000DBDDA /* TVItem.swift */,
				6CFC094C28926B60000DBDDA /* TVPresenter.swift */,
				6CFC095228939D99000DBDDA /* TVSection.swift */,
				6CFC09562893D375000DBDDA /* TVItems */,
			);
			path = Table;
			sourceTree = "<group>";
		};
		6CFC096C28966F68000DBDDA /* State */ = {
			isa = PBXGroup;
			children = (
				6CFC09662895418E000DBDDA /* Margin.swift */,
			);
			path = State;
			sourceTree = "<group>";
		};
		6CFC09762897966F000DBDDA /* Indicator */ = {
			isa = PBXGroup;
			children = (
				1FA2048F242F528E000C4B56 /* LoadingView.swift */,
				1FEED0EF2023576A000F4EAA /* Alert.swift */,
			);
			path = Indicator;
			sourceTree = "<group>";
		};
/* End PBXGroup section */

/* Begin PBXNativeTarget section */
		1F02DE3122F8507500E40C3A /* ExampleMVVMUITests */ = {
			isa = PBXNativeTarget;
			buildConfigurationList = 1F02DE3922F8507500E40C3A /* Build configuration list for PBXNativeTarget "ExampleMVVMUITests" */;
			buildPhases = (
				1F02DE2E22F8507500E40C3A /* Sources */,
				1F02DE2F22F8507500E40C3A /* Frameworks */,
				1F02DE3022F8507500E40C3A /* Resources */,
			);
			buildRules = (
			);
			dependencies = (
				1F02DE3822F8507500E40C3A /* PBXTargetDependency */,
			);
			name = ExampleMVVMUITests;
			productName = ExampleMVVMUITests;
			productReference = 1F02DE3222F8507500E40C3A /* ExampleMVVMUITests.xctest */;
			productType = "com.apple.product-type.bundle.ui-testing";
		};
		1FA53388201E1FDE00747E55 /* ExampleMVVM */ = {
			isa = PBXNativeTarget;
			buildConfigurationList = 1FA533A6201E1FDE00747E55 /* Build configuration list for PBXNativeTarget "ExampleMVVM" */;
			buildPhases = (
				1FA53385201E1FDE00747E55 /* Sources */,
				1FA53386201E1FDE00747E55 /* Frameworks */,
				1FA53387201E1FDE00747E55 /* Resources */,
			);
			buildRules = (
			);
			dependencies = (
			);
			name = ExampleMVVM;
			productName = CodeChallenge;
			productReference = 1FA53389201E1FDE00747E55 /* ExampleMVVM.app */;
			productType = "com.apple.product-type.application";
		};
		1FA5339C201E1FDE00747E55 /* ExampleMVVMTests */ = {
			isa = PBXNativeTarget;
			buildConfigurationList = 1FA533A9201E1FDE00747E55 /* Build configuration list for PBXNativeTarget "ExampleMVVMTests" */;
			buildPhases = (
				1FA53399201E1FDE00747E55 /* Sources */,
				1FA5339A201E1FDE00747E55 /* Frameworks */,
				1FA5339B201E1FDE00747E55 /* Resources */,
			);
			buildRules = (
			);
			dependencies = (
				6C2EA14D28A0160C00EA9BDC /* PBXTargetDependency */,
			);
			name = ExampleMVVMTests;
			productName = CodeChallengeTests;
			productReference = 1FA5339D201E1FDE00747E55 /* ExampleMVVMTests.xctest */;
			productType = "com.apple.product-type.bundle.unit-test";
		};
/* End PBXNativeTarget section */

/* Begin PBXProject section */
		1FA53381201E1FDE00747E55 /* Project object */ = {
			isa = PBXProject;
			attributes = {
				LastSwiftUpdateCheck = 1020;
				LastUpgradeCheck = 1320;
				TargetAttributes = {
					1F02DE3122F8507500E40C3A = {
						CreatedOnToolsVersion = 10.2.1;
						ProvisioningStyle = Automatic;
						TestTargetID = 1FA53388201E1FDE00747E55;
					};
					1FA53388201E1FDE00747E55 = {
						CreatedOnToolsVersion = 9.2;
						LastSwiftMigration = 1020;
						ProvisioningStyle = Manual;
					};
					1FA5339C201E1FDE00747E55 = {
						CreatedOnToolsVersion = 9.2;
						LastSwiftMigration = 1020;
						ProvisioningStyle = Automatic;
					};
				};
			};
			buildConfigurationList = 1FA53384201E1FDE00747E55 /* Build configuration list for PBXProject "ExampleMVVM" */;
			compatibilityVersion = "Xcode 8.0";
			developmentRegion = en;
			hasScannedForEncodings = 0;
			knownRegions = (
				en,
				Base,
				ja,
			);
			mainGroup = 1FA53380201E1FDE00747E55;
			productRefGroup = 1FA5338A201E1FDE00747E55 /* Products */;
			projectDirPath = "";
			projectRoot = "";
			targets = (
				1FA53388201E1FDE00747E55 /* ExampleMVVM */,
				1FA5339C201E1FDE00747E55 /* ExampleMVVMTests */,
				1F02DE3122F8507500E40C3A /* ExampleMVVMUITests */,
			);
		};
/* End PBXProject section */

/* Begin PBXResourcesBuildPhase section */
		1F02DE3022F8507500E40C3A /* Resources */ = {
			isa = PBXResourcesBuildPhase;
			buildActionMask = 2147483647;
			files = (
				1FF082B923944E7800876A22 /* Localizable.strings in Resources */,
			);
			runOnlyForDeploymentPostprocessing = 0;
		};
		1FA53387201E1FDE00747E55 /* Resources */ = {
			isa = PBXResourcesBuildPhase;
			buildActionMask = 2147483647;
			files = (
				1FF082B3239438DC00876A22 /* Localizable.strings in Resources */,
				1FA53397201E1FDE00747E55 /* LaunchScreen.storyboard in Resources */,
				1FA53394201E1FDE00747E55 /* Assets.xcassets in Resources */,
			);
			runOnlyForDeploymentPostprocessing = 0;
		};
		1FA5339B201E1FDE00747E55 /* Resources */ = {
			isa = PBXResourcesBuildPhase;
			buildActionMask = 2147483647;
			files = (
			);
			runOnlyForDeploymentPostprocessing = 0;
		};
/* End PBXResourcesBuildPhase section */

/* Begin PBXSourcesBuildPhase section */
		1F02DE2E22F8507500E40C3A /* Sources */ = {
			isa = PBXSourcesBuildPhase;
			buildActionMask = 2147483647;
			files = (
				1F02DE3522F8507500E40C3A /* MoviesListViewControllerTests.swift in Sources */,
			);
			runOnlyForDeploymentPostprocessing = 0;
		};
		1FA53385201E1FDE00747E55 /* Sources */ = {
			isa = PBXSourcesBuildPhase;
			buildActionMask = 2147483647;
			files = (
				1FEED0F02023576A000F4EAA /* Alert.swift in Sources */,
				1F16031D2426919300C173C6 /* AppNavigation.swift in Sources */,
				FC2B715C2156FF93002BD59E /* AppAppearance.swift in Sources */,
				1F1FC48922E3693100BCBA8D /* NetworkService.swift in Sources */,
				1FA20490242F528E000C4B56 /* LoadingView.swift in Sources */,
				6CFC096A28966F28000DBDDA /* ImageView.swift in Sources */,
				6CBD106328985FB50056E7FF /* AppLocale.swift in Sources */,
				6CFC095328939D99000DBDDA /* TVSection.swift in Sources */,
				6CFC0920288F8955000DBDDA /* DIBinding.swift in Sources */,
				6CFC09732896B1F3000DBDDA /* RepositoryDependencies.swift in Sources */,
				6CFC0922288F8955000DBDDA /* DIContainer.swift in Sources */,
				1FFFC835221B0041007D99D2 /* MoviesRepository.swift in Sources */,
				6CFC094228916DE9000DBDDA /* NetworkErrorLogger.swift in Sources */,
				6CFC09582893D38A000DBDDA /* EmptyTVItem.swift in Sources */,
				1FA533E2201EF5F700747E55 /* MovieEndpoints.swift in Sources */,
				6C2EA15928A27CB600EA9BDC /* TextField.swift in Sources */,
				6CFC0961289533C2000DBDDA /* UITableViewExt.swift in Sources */,
				6C2EA106289E599D00EA9BDC /* MovieDetailViewController.swift in Sources */,
				6CFC09792897BE13000DBDDA /* EncodableExt.swift in Sources */,
				6C2EA10E289E61D000EA9BDC /* Button.swift in Sources */,
				6CFC0926288FA9E2000DBDDA /* DIManager.swift in Sources */,
				1F2AB951242789B80010DEEE /* Movies.swift in Sources */,
				6CFC09552893B323000DBDDA /* CollectionExt.swift in Sources */,
				1FEE31622218B17E00C160B9 /* Observable.swift in Sources */,
				6CFC093A28912844000DBDDA /* ResponseDecoder.swift in Sources */,
				6CFC094428916F1F000DBDDA /* NetworkError.swift in Sources */,
				1F05A6CC2220A2CB001E2801 /* SearchMoviesUseCase.swift in Sources */,
				6CFC09712896A64B000DBDDA /* ViewModelDependencies.swift in Sources */,
				6CFC09512892F06B000DBDDA /* TableViewController.swift in Sources */,
				6CFC0930288FF622000DBDDA /* MoviesListViewModelActions.swift in Sources */,
				6CFC093C28912885000DBDDA /* RawDataResponseDecoder.swift in Sources */,
				6CFC09352890066A000DBDDA /* NetworkSessionManager.swift in Sources */,
				6CFC09672895418E000DBDDA /* Margin.swift in Sources */,
				1F1FC48B22E3693100BCBA8D /* Endpoint.swift in Sources */,
				6CFC096328953E16000DBDDA /* StringExt.swift in Sources */,
				6CBD106128985D0F0056E7FF /* DateFormatter.swift in Sources */,
				6CFC096F2896742A000DBDDA /* UIViewExt.swift in Sources */,
				1FE49D8C230AA7C200D1D42E /* MoviesListViewController.swift in Sources */,
				6C2EA108289E59D000EA9BDC /* MovieDetailViewItem.swift in Sources */,
				6CFC093E28913FCC000DBDDA /* Movie.swift in Sources */,
				6CFC095D28950CCB000DBDDA /* MovieViewItem.swift in Sources */,
				1FE49D92230AA7C200D1D42E /* MoviesListViewModel.swift in Sources */,
				6CFC09472891AD79000DBDDA /* DictionaryExt.swift in Sources */,
				1F1CD656222368CA00B0143C /* ApiConfigurator.swift in Sources */,
				1F2AB95324278CC20010DEEE /* MoviesRequest.swift in Sources */,
				6CFC0929288FB806000DBDDA /* DIPropertyWrapper.swift in Sources */,
				6C2EA10A289E5ADD00EA9BDC /* MovieDetailViewModel.swift in Sources */,
				6CFC094D28926B60000DBDDA /* TVPresenter.swift in Sources */,
				6CFC09382891282C000DBDDA /* JSONResponseDecoder.swift in Sources */,
				6CFC094F2892CB70000DBDDA /* TVItem.swift in Sources */,
				1F1FC48C22E3693100BCBA8D /* ApiConfig.swift in Sources */,
				6CFC09752896B5BD000DBDDA /* CoreDependencies.swift in Sources */,
				1FA5338D201E1FDE00747E55 /* AppDelegate.swift in Sources */,
				6CFC092B288FC218000DBDDA /* UseCaseDependencies.swift in Sources */,
			);
			runOnlyForDeploymentPostprocessing = 0;
		};
		1FA53399201E1FDE00747E55 /* Sources */ = {
			isa = PBXSourcesBuildPhase;
			buildActionMask = 2147483647;
			files = (
				6C2EA15528A140AA00EA9BDC /* MockedAppNavigation.swift in Sources */,
				6C2EA15328A1407F00EA9BDC /* CoreDependenciesTests.swift in Sources */,
				6C2EA14A28A0139600EA9BDC /* DIManagerTests.swift in Sources */,
				6C2EA15128A13EB000EA9BDC /* MockedMovieListActions.swift in Sources */,
				6C2EA14928A0139300EA9BDC /* UseCaseDependenciesTests.swift in Sources */,
				6C2EA14828A0138F00EA9BDC /* MoviesListViewModelTests.swift in Sources */,
				6C2EA14F28A13E5300EA9BDC /* ViewModelDependenciesTests.swift in Sources */,
				6C2EA14B28A0139800EA9BDC /* MockedSearchMoviesUseCase.swift in Sources */,
			);
			runOnlyForDeploymentPostprocessing = 0;
		};
/* End PBXSourcesBuildPhase section */

/* Begin PBXTargetDependency section */
		1F02DE3822F8507500E40C3A /* PBXTargetDependency */ = {
			isa = PBXTargetDependency;
			target = 1FA53388201E1FDE00747E55 /* ExampleMVVM */;
			targetProxy = 1F02DE3722F8507500E40C3A /* PBXContainerItemProxy */;
		};
		6C2EA14D28A0160C00EA9BDC /* PBXTargetDependency */ = {
			isa = PBXTargetDependency;
			target = 1FA53388201E1FDE00747E55 /* ExampleMVVM */;
			targetProxy = 6C2EA14C28A0160C00EA9BDC /* PBXContainerItemProxy */;
		};
/* End PBXTargetDependency section */

/* Begin PBXVariantGroup section */
		1FA53395201E1FDE00747E55 /* LaunchScreen.storyboard */ = {
			isa = PBXVariantGroup;
			children = (
				1FA53396201E1FDE00747E55 /* Base */,
			);
			name = LaunchScreen.storyboard;
			sourceTree = "<group>";
		};
		1FF082B5239438DC00876A22 /* Localizable.strings */ = {
			isa = PBXVariantGroup;
			children = (
				1FF082B4239438DC00876A22 /* en */,
				6CFC092C288FF24D000DBDDA /* ja */,
			);
			name = Localizable.strings;
			sourceTree = "<group>";
		};
/* End PBXVariantGroup section */

/* Begin XCBuildConfiguration section */
		1F02DE3A22F8507500E40C3A /* Debug */ = {
			isa = XCBuildConfiguration;
			buildSettings = {
				CLANG_ENABLE_OBJC_WEAK = YES;
				CODE_SIGN_STYLE = Automatic;
				DEVELOPMENT_TEAM = "";
				INFOPLIST_FILE = ExampleMVVMUITests/Info.plist;
				IPHONEOS_DEPLOYMENT_TARGET = 12.0;
				LD_RUNPATH_SEARCH_PATHS = "$(inherited) @executable_path/Frameworks @loader_path/Frameworks";
				MTL_ENABLE_DEBUG_INFO = INCLUDE_SOURCE;
				MTL_FAST_MATH = YES;
				PRODUCT_BUNDLE_IDENTIFIER = com.solano.ExampleMVVMUITests;
				PRODUCT_NAME = "$(TARGET_NAME)";
				SWIFT_VERSION = 5.0;
				TARGETED_DEVICE_FAMILY = "1,2";
				TEST_TARGET_NAME = ExampleMVVM;
			};
			name = Debug;
		};
		1F02DE3B22F8507500E40C3A /* Release */ = {
			isa = XCBuildConfiguration;
			buildSettings = {
				CLANG_ENABLE_OBJC_WEAK = YES;
				CODE_SIGN_STYLE = Automatic;
				DEVELOPMENT_TEAM = "";
				INFOPLIST_FILE = ExampleMVVMUITests/Info.plist;
				IPHONEOS_DEPLOYMENT_TARGET = 12.0;
				LD_RUNPATH_SEARCH_PATHS = "$(inherited) @executable_path/Frameworks @loader_path/Frameworks";
				MTL_FAST_MATH = YES;
				PRODUCT_BUNDLE_IDENTIFIER = com.solano.ExampleMVVMUITests;
				PRODUCT_NAME = "$(TARGET_NAME)";
				SWIFT_VERSION = 5.0;
				TARGETED_DEVICE_FAMILY = "1,2";
				TEST_TARGET_NAME = ExampleMVVM;
			};
			name = Release;
		};
		1FA533A4201E1FDE00747E55 /* Debug */ = {
			isa = XCBuildConfiguration;
			buildSettings = {
				ALWAYS_SEARCH_USER_PATHS = NO;
				CLANG_ANALYZER_LOCALIZABILITY_NONLOCALIZED = YES;
				CLANG_ANALYZER_NONNULL = YES;
				CLANG_ANALYZER_NUMBER_OBJECT_CONVERSION = YES_AGGRESSIVE;
				CLANG_CXX_LANGUAGE_STANDARD = "gnu++14";
				CLANG_CXX_LIBRARY = "libc++";
				CLANG_ENABLE_MODULES = YES;
				CLANG_ENABLE_OBJC_ARC = YES;
				CLANG_WARN_BLOCK_CAPTURE_AUTORELEASING = YES;
				CLANG_WARN_BOOL_CONVERSION = YES;
				CLANG_WARN_COMMA = YES;
				CLANG_WARN_CONSTANT_CONVERSION = YES;
				CLANG_WARN_DEPRECATED_OBJC_IMPLEMENTATIONS = YES;
				CLANG_WARN_DIRECT_OBJC_ISA_USAGE = YES_ERROR;
				CLANG_WARN_DOCUMENTATION_COMMENTS = YES;
				CLANG_WARN_EMPTY_BODY = YES;
				CLANG_WARN_ENUM_CONVERSION = YES;
				CLANG_WARN_INFINITE_RECURSION = YES;
				CLANG_WARN_INT_CONVERSION = YES;
				CLANG_WARN_NON_LITERAL_NULL_CONVERSION = YES;
				CLANG_WARN_OBJC_IMPLICIT_RETAIN_SELF = YES;
				CLANG_WARN_OBJC_LITERAL_CONVERSION = YES;
				CLANG_WARN_OBJC_ROOT_CLASS = YES_ERROR;
				CLANG_WARN_QUOTED_INCLUDE_IN_FRAMEWORK_HEADER = YES;
				CLANG_WARN_RANGE_LOOP_ANALYSIS = YES;
				CLANG_WARN_STRICT_PROTOTYPES = YES;
				CLANG_WARN_SUSPICIOUS_MOVE = YES;
				CLANG_WARN_UNGUARDED_AVAILABILITY = YES_AGGRESSIVE;
				CLANG_WARN_UNREACHABLE_CODE = YES;
				CLANG_WARN__DUPLICATE_METHOD_MATCH = YES;
				CODE_SIGN_IDENTITY = "";
				COPY_PHASE_STRIP = NO;
				DEBUG_INFORMATION_FORMAT = dwarf;
				ENABLE_STRICT_OBJC_MSGSEND = YES;
				ENABLE_TESTABILITY = YES;
				GCC_C_LANGUAGE_STANDARD = gnu11;
				GCC_DYNAMIC_NO_PIC = NO;
				GCC_NO_COMMON_BLOCKS = YES;
				GCC_OPTIMIZATION_LEVEL = 0;
				GCC_PREPROCESSOR_DEFINITIONS = (
					"DEBUG=1",
					"$(inherited)",
				);
				GCC_WARN_64_TO_32_BIT_CONVERSION = YES;
				GCC_WARN_ABOUT_RETURN_TYPE = YES_ERROR;
				GCC_WARN_UNDECLARED_SELECTOR = YES;
				GCC_WARN_UNINITIALIZED_AUTOS = YES_AGGRESSIVE;
				GCC_WARN_UNUSED_FUNCTION = YES;
				GCC_WARN_UNUSED_VARIABLE = YES;
				IPHONEOS_DEPLOYMENT_TARGET = 12.4;
				MTL_ENABLE_DEBUG_INFO = YES;
				ONLY_ACTIVE_ARCH = YES;
				OTHER_LDFLAGS = (
					"-weak_framework",
					SwiftUI,
				);
				SDKROOT = iphoneos;
				SWIFT_ACTIVE_COMPILATION_CONDITIONS = DEBUG;
				SWIFT_OPTIMIZATION_LEVEL = "-Onone";
			};
			name = Debug;
		};
		1FA533A5201E1FDE00747E55 /* Release */ = {
			isa = XCBuildConfiguration;
			buildSettings = {
				ALWAYS_SEARCH_USER_PATHS = NO;
				CLANG_ANALYZER_LOCALIZABILITY_NONLOCALIZED = YES;
				CLANG_ANALYZER_NONNULL = YES;
				CLANG_ANALYZER_NUMBER_OBJECT_CONVERSION = YES_AGGRESSIVE;
				CLANG_CXX_LANGUAGE_STANDARD = "gnu++14";
				CLANG_CXX_LIBRARY = "libc++";
				CLANG_ENABLE_MODULES = YES;
				CLANG_ENABLE_OBJC_ARC = YES;
				CLANG_WARN_BLOCK_CAPTURE_AUTORELEASING = YES;
				CLANG_WARN_BOOL_CONVERSION = YES;
				CLANG_WARN_COMMA = YES;
				CLANG_WARN_CONSTANT_CONVERSION = YES;
				CLANG_WARN_DEPRECATED_OBJC_IMPLEMENTATIONS = YES;
				CLANG_WARN_DIRECT_OBJC_ISA_USAGE = YES_ERROR;
				CLANG_WARN_DOCUMENTATION_COMMENTS = YES;
				CLANG_WARN_EMPTY_BODY = YES;
				CLANG_WARN_ENUM_CONVERSION = YES;
				CLANG_WARN_INFINITE_RECURSION = YES;
				CLANG_WARN_INT_CONVERSION = YES;
				CLANG_WARN_NON_LITERAL_NULL_CONVERSION = YES;
				CLANG_WARN_OBJC_IMPLICIT_RETAIN_SELF = YES;
				CLANG_WARN_OBJC_LITERAL_CONVERSION = YES;
				CLANG_WARN_OBJC_ROOT_CLASS = YES_ERROR;
				CLANG_WARN_QUOTED_INCLUDE_IN_FRAMEWORK_HEADER = YES;
				CLANG_WARN_RANGE_LOOP_ANALYSIS = YES;
				CLANG_WARN_STRICT_PROTOTYPES = YES;
				CLANG_WARN_SUSPICIOUS_MOVE = YES;
				CLANG_WARN_UNGUARDED_AVAILABILITY = YES_AGGRESSIVE;
				CLANG_WARN_UNREACHABLE_CODE = YES;
				CLANG_WARN__DUPLICATE_METHOD_MATCH = YES;
				CODE_SIGN_IDENTITY = "";
				COPY_PHASE_STRIP = NO;
				DEBUG_INFORMATION_FORMAT = "dwarf-with-dsym";
				ENABLE_NS_ASSERTIONS = NO;
				ENABLE_STRICT_OBJC_MSGSEND = YES;
				GCC_C_LANGUAGE_STANDARD = gnu11;
				GCC_NO_COMMON_BLOCKS = YES;
				GCC_WARN_64_TO_32_BIT_CONVERSION = YES;
				GCC_WARN_ABOUT_RETURN_TYPE = YES_ERROR;
				GCC_WARN_UNDECLARED_SELECTOR = YES;
				GCC_WARN_UNINITIALIZED_AUTOS = YES_AGGRESSIVE;
				GCC_WARN_UNUSED_FUNCTION = YES;
				GCC_WARN_UNUSED_VARIABLE = YES;
				IPHONEOS_DEPLOYMENT_TARGET = 12.4;
				MTL_ENABLE_DEBUG_INFO = NO;
				OTHER_LDFLAGS = (
					"-weak_framework",
					SwiftUI,
				);
				SDKROOT = iphoneos;
				SWIFT_OPTIMIZATION_LEVEL = "-Owholemodule";
				VALIDATE_PRODUCT = YES;
			};
			name = Release;
		};
		1FA533A7201E1FDE00747E55 /* Debug */ = {
			isa = XCBuildConfiguration;
			buildSettings = {
				API_BASE_URL = "http://api.themoviedb.org";
				API_KEY = 2696829a81b1b5827d515ff121700838;
				ASSETCATALOG_COMPILER_APPICON_NAME = AppIcon;
				CODE_SIGN_IDENTITY = "iPhone Distribution";
				CODE_SIGN_STYLE = Manual;
				DEVELOPMENT_TEAM = "";
				EXCLUDED_ARCHS = "";
				GCC_SYMBOLS_PRIVATE_EXTERN = NO;
				IMAGE_BASE_URL = "http://image.tmdb.org";
				INFOPLIST_FILE = "$(SRCROOT)/ExampleMVVM/Resources/Info.plist";
				IPHONEOS_DEPLOYMENT_TARGET = 12.0;
				LD_RUNPATH_SEARCH_PATHS = "$(inherited) @executable_path/Frameworks";
				OTHER_LDFLAGS = (
					"-weak_framework",
					SwiftUI,
				);
				PRODUCT_BUNDLE_IDENTIFIER = "Oleh-Kudinov.ExampleMVVM";
				PRODUCT_NAME = "$(TARGET_NAME)";
				PROVISIONING_PROFILE_SPECIFIER = "";
				SWIFT_VERSION = 5.0;
				TARGETED_DEVICE_FAMILY = "1,2";
			};
			name = Debug;
		};
		1FA533A8201E1FDE00747E55 /* Release */ = {
			isa = XCBuildConfiguration;
			buildSettings = {
				API_BASE_URL = "http://api.themoviedb.org";
				API_KEY = 2696829a81b1b5827d515ff121700838;
				ASSETCATALOG_COMPILER_APPICON_NAME = AppIcon;
				CODE_SIGN_IDENTITY = "";
				CODE_SIGN_STYLE = Manual;
				DEVELOPMENT_TEAM = "";
				EXCLUDED_ARCHS = "";
				GCC_SYMBOLS_PRIVATE_EXTERN = YES;
				IMAGE_BASE_URL = "http://image.tmdb.org";
				INFOPLIST_FILE = "$(SRCROOT)/ExampleMVVM/Resources/Info.plist";
				IPHONEOS_DEPLOYMENT_TARGET = 12.0;
				LD_RUNPATH_SEARCH_PATHS = "$(inherited) @executable_path/Frameworks";
				OTHER_LDFLAGS = (
					"-weak_framework",
					SwiftUI,
				);
				PRODUCT_BUNDLE_IDENTIFIER = "Oleh-Kudinov.ExampleMVVM";
				PRODUCT_NAME = "$(TARGET_NAME)";
				PROVISIONING_PROFILE_SPECIFIER = "";
				SWIFT_VERSION = 5.0;
				TARGETED_DEVICE_FAMILY = "1,2";
			};
			name = Release;
		};
		1FA533AA201E1FDE00747E55 /* Debug */ = {
			isa = XCBuildConfiguration;
			buildSettings = {
				ALWAYS_EMBED_SWIFT_STANDARD_LIBRARIES = YES;
				BUNDLE_LOADER = "$(BUILT_PRODUCTS_DIR)/ExampleMVVM.app/ExampleMVVM";
				CLANG_ENABLE_MODULES = YES;
				CODE_SIGN_STYLE = Automatic;
				DEVELOPMENT_TEAM = "";
				INFOPLIST_FILE = ExampleMVVMTests/Info.plist;
				IPHONEOS_DEPLOYMENT_TARGET = 12.0;
				LD_RUNPATH_SEARCH_PATHS = "$(inherited) @executable_path/Frameworks @loader_path/Frameworks";
				OTHER_SWIFT_FLAGS = "";
				PRODUCT_BUNDLE_IDENTIFIER = "Oleh-Kudinov.ExampleMVVMTests";
				PRODUCT_NAME = "$(TARGET_NAME)";
				SWIFT_OPTIMIZATION_LEVEL = "-Onone";
				SWIFT_VERSION = 5.0;
				TARGETED_DEVICE_FAMILY = "1,2";
				TEST_HOST = "$(BUNDLE_LOADER)";
			};
			name = Debug;
		};
		1FA533AB201E1FDE00747E55 /* Release */ = {
			isa = XCBuildConfiguration;
			buildSettings = {
				ALWAYS_EMBED_SWIFT_STANDARD_LIBRARIES = YES;
				CLANG_ENABLE_MODULES = YES;
				CODE_SIGN_STYLE = Automatic;
				DEVELOPMENT_TEAM = "";
				INFOPLIST_FILE = ExampleMVVMTests/Info.plist;
				IPHONEOS_DEPLOYMENT_TARGET = 12.0;
				LD_RUNPATH_SEARCH_PATHS = "$(inherited) @executable_path/Frameworks @loader_path/Frameworks";
				OTHER_SWIFT_FLAGS = "";
				PRODUCT_BUNDLE_IDENTIFIER = "Oleh-Kudinov.ExampleMVVMTests";
				PRODUCT_NAME = "$(TARGET_NAME)";
				SWIFT_VERSION = 5.0;
				TARGETED_DEVICE_FAMILY = "1,2";
				TEST_HOST = "$(BUNDLE_LOADER)";
			};
			name = Release;
		};
/* End XCBuildConfiguration section */

/* Begin XCConfigurationList section */
		1F02DE3922F8507500E40C3A /* Build configuration list for PBXNativeTarget "ExampleMVVMUITests" */ = {
			isa = XCConfigurationList;
			buildConfigurations = (
				1F02DE3A22F8507500E40C3A /* Debug */,
				1F02DE3B22F8507500E40C3A /* Release */,
			);
			defaultConfigurationIsVisible = 0;
			defaultConfigurationName = Release;
		};
		1FA53384201E1FDE00747E55 /* Build configuration list for PBXProject "ExampleMVVM" */ = {
			isa = XCConfigurationList;
			buildConfigurations = (
				1FA533A4201E1FDE00747E55 /* Debug */,
				1FA533A5201E1FDE00747E55 /* Release */,
			);
			defaultConfigurationIsVisible = 0;
			defaultConfigurationName = Release;
		};
		1FA533A6201E1FDE00747E55 /* Build configuration list for PBXNativeTarget "ExampleMVVM" */ = {
			isa = XCConfigurationList;
			buildConfigurations = (
				1FA533A7201E1FDE00747E55 /* Debug */,
				1FA533A8201E1FDE00747E55 /* Release */,
			);
			defaultConfigurationIsVisible = 0;
			defaultConfigurationName = Release;
		};
		1FA533A9201E1FDE00747E55 /* Build configuration list for PBXNativeTarget "ExampleMVVMTests" */ = {
			isa = XCConfigurationList;
			buildConfigurations = (
				1FA533AA201E1FDE00747E55 /* Debug */,
				1FA533AB201E1FDE00747E55 /* Release */,
			);
			defaultConfigurationIsVisible = 0;
			defaultConfigurationName = Release;
		};
/* End XCConfigurationList section */
	};
	rootObject = 1FA53381201E1FDE00747E55 /* Project object */;
}
